
Microsoft Visual Studio Solution File, Format Version 12.00
# Visual Studio Version 16
VisualStudioVersion = 16.0.29215.179
MinimumVisualStudioVersion = 10.0.40219.1
Project("{FAE04EC0-301F-11D3-BF4B-00C04F79EFBC}") = "BMTweakCollection", "BMTweakCollection\BMTweakCollection.csproj", "{34C89FC8-1C6A-4D51-8BC5-48FBA4DCAEE7}"
EndProject
Project("{FAE04EC0-301F-11D3-BF4B-00C04F79EFBC}") = "TournamentXPanded", "BMTournamentPrizes\TournamentXPanded.csproj", "{AB43EB8E-1C85-4CEE-87FC-BE56D644B30A}"
EndProject
Project("{FAE04EC0-301F-11D3-BF4B-00C04F79EFBC}") = "AchievablePerks", "AchievablePerks\AchievablePerks.csproj", "{6614F553-E27A-4825-9B08-228C35FCD513}"
EndProject
Project("{FAE04EC0-301F-11D3-BF4B-00C04F79EFBC}") = "AchievablePerks.Interfaces", "AchievablePerks.Interfaces\AchievablePerks.Interfaces.csproj", "{44529C2A-23AC-413D-832D-03A29C1672DD}"
EndProject
Project("{FAE04EC0-301F-11D3-BF4B-00C04F79EFBC}") = "TournamentsXPanded.Settings", "TournamentsXPanded.Settings\TournamentsXPanded.Settings.csproj", "{66AD0016-BC49-4990-9F31-8AE1CEBF3806}"
EndProject
Project("{FAE04EC0-301F-11D3-BF4B-00C04F79EFBC}") = "XPanded.Common", "TournamentsXPanded.Common\XPanded.Common.csproj", "{51475218-7961-4582-9A52-75C561CB13CF}"
EndProject
Project("{2150E333-8FDC-42A3-9474-1A3956D46DE8}") = "Tournaments XPanded", "Tournaments XPanded", "{D1CEC877-3206-4D03-8629-29ED3BCB464D}"
EndProject
Project("{2150E333-8FDC-42A3-9474-1A3956D46DE8}") = "Common", "Common", "{D2C23A5D-DA44-48D5-98C7-C4B35E546BA4}"
EndProject
Project("{2150E333-8FDC-42A3-9474-1A3956D46DE8}") = "Achievable Perks", "Achievable Perks", "{A9132A8D-2017-458A-9CAC-11ED0C357100}"
EndProject
Project("{2150E333-8FDC-42A3-9474-1A3956D46DE8}") = "Tweaks Collection", "Tweaks Collection", "{F114490A-50BE-431B-9E0D-E9C16C1D5EB3}"
EndProject
Project("{FAE04EC0-301F-11D3-BF4B-00C04F79EFBC}") = "TournamentsXPanded.Settings.ModLib", "TournamentsXPanded.Settings.ModLib\TournamentsXPanded.Settings.ModLib.csproj", "{F85C2304-1C13-4C7F-BE92-A272435DF84D}"
EndProject
Project("{FAE04EC0-301F-11D3-BF4B-00C04F79EFBC}") = "TournamentsXPanded.Settings.MBOptionScreen", "TournamentsXPanded.Settings.MBOptionScreen\TournamentsXPanded.Settings.MBOptionScreen.csproj", "{D638B206-5BA3-46E2-B439-9BB682E91FCE}"
EndProject
Global
	GlobalSection(SolutionConfigurationPlatforms) = preSolution
		Debug|Any CPU = Debug|Any CPU
		Debug|x64 = Debug|x64
		Release|Any CPU = Release|Any CPU
		Release|x64 = Release|x64
	EndGlobalSection
	GlobalSection(ProjectConfigurationPlatforms) = postSolution
		{34C89FC8-1C6A-4D51-8BC5-48FBA4DCAEE7}.Debug|Any CPU.ActiveCfg = Debug|Any CPU
		{34C89FC8-1C6A-4D51-8BC5-48FBA4DCAEE7}.Debug|Any CPU.Build.0 = Debug|Any CPU
		{34C89FC8-1C6A-4D51-8BC5-48FBA4DCAEE7}.Debug|x64.ActiveCfg = Debug|x64
		{34C89FC8-1C6A-4D51-8BC5-48FBA4DCAEE7}.Debug|x64.Build.0 = Debug|x64
		{34C89FC8-1C6A-4D51-8BC5-48FBA4DCAEE7}.Release|Any CPU.ActiveCfg = Release|Any CPU
		{34C89FC8-1C6A-4D51-8BC5-48FBA4DCAEE7}.Release|Any CPU.Build.0 = Release|Any CPU
		{34C89FC8-1C6A-4D51-8BC5-48FBA4DCAEE7}.Release|x64.ActiveCfg = Release|x64
		{34C89FC8-1C6A-4D51-8BC5-48FBA4DCAEE7}.Release|x64.Build.0 = Release|x64
		{AB43EB8E-1C85-4CEE-87FC-BE56D644B30A}.Debug|Any CPU.ActiveCfg = Debug|Any CPU
		{AB43EB8E-1C85-4CEE-87FC-BE56D644B30A}.Debug|Any CPU.Build.0 = Debug|Any CPU
		{AB43EB8E-1C85-4CEE-87FC-BE56D644B30A}.Debug|x64.ActiveCfg = Debug|x64
		{AB43EB8E-1C85-4CEE-87FC-BE56D644B30A}.Debug|x64.Build.0 = Debug|x64
		{AB43EB8E-1C85-4CEE-87FC-BE56D644B30A}.Release|Any CPU.ActiveCfg = Release|Any CPU
		{AB43EB8E-1C85-4CEE-87FC-BE56D644B30A}.Release|Any CPU.Build.0 = Release|Any CPU
		{AB43EB8E-1C85-4CEE-87FC-BE56D644B30A}.Release|x64.ActiveCfg = Release|x64
		{AB43EB8E-1C85-4CEE-87FC-BE56D644B30A}.Release|x64.Build.0 = Release|x64
		{6614F553-E27A-4825-9B08-228C35FCD513}.Debug|Any CPU.ActiveCfg = Debug|Any CPU
		{6614F553-E27A-4825-9B08-228C35FCD513}.Debug|Any CPU.Build.0 = Debug|Any CPU
		{6614F553-E27A-4825-9B08-228C35FCD513}.Debug|x64.ActiveCfg = Debug|x64
		{6614F553-E27A-4825-9B08-228C35FCD513}.Release|Any CPU.ActiveCfg = Release|Any CPU
		{6614F553-E27A-4825-9B08-228C35FCD513}.Release|Any CPU.Build.0 = Release|Any CPU
		{6614F553-E27A-4825-9B08-228C35FCD513}.Release|x64.ActiveCfg = Release|x64
		{44529C2A-23AC-413D-832D-03A29C1672DD}.Debug|Any CPU.ActiveCfg = Debug|Any CPU
		{44529C2A-23AC-413D-832D-03A29C1672DD}.Debug|Any CPU.Build.0 = Debug|Any CPU
		{44529C2A-23AC-413D-832D-03A29C1672DD}.Debug|x64.ActiveCfg = Debug|x64
		{44529C2A-23AC-413D-832D-03A29C1672DD}.Release|Any CPU.ActiveCfg = Release|Any CPU
		{44529C2A-23AC-413D-832D-03A29C1672DD}.Release|Any CPU.Build.0 = Release|Any CPU
		{44529C2A-23AC-413D-832D-03A29C1672DD}.Release|x64.ActiveCfg = Release|x64
		{66AD0016-BC49-4990-9F31-8AE1CEBF3806}.Debug|Any CPU.ActiveCfg = Debug|Any CPU
		{66AD0016-BC49-4990-9F31-8AE1CEBF3806}.Debug|Any CPU.Build.0 = Debug|Any CPU
		{66AD0016-BC49-4990-9F31-8AE1CEBF3806}.Debug|x64.ActiveCfg = Debug|x64
		{66AD0016-BC49-4990-9F31-8AE1CEBF3806}.Debug|x64.Build.0 = Debug|x64
		{66AD0016-BC49-4990-9F31-8AE1CEBF3806}.Release|Any CPU.ActiveCfg = Release|Any CPU
		{66AD0016-BC49-4990-9F31-8AE1CEBF3806}.Release|Any CPU.Build.0 = Release|Any CPU
		{66AD0016-BC49-4990-9F31-8AE1CEBF3806}.Release|x64.ActiveCfg = Release|x64
		{66AD0016-BC49-4990-9F31-8AE1CEBF3806}.Release|x64.Build.0 = Release|x64
		{51475218-7961-4582-9A52-75C561CB13CF}.Debug|Any CPU.ActiveCfg = Debug|Any CPU
		{51475218-7961-4582-9A52-75C561CB13CF}.Debug|Any CPU.Build.0 = Debug|Any CPU
		{51475218-7961-4582-9A52-75C561CB13CF}.Debug|x64.ActiveCfg = Debug|x64
		{51475218-7961-4582-9A52-75C561CB13CF}.Debug|x64.Build.0 = Debug|x64
		{51475218-7961-4582-9A52-75C561CB13CF}.Release|Any CPU.ActiveCfg = Release|Any CPU
		{51475218-7961-4582-9A52-75C561CB13CF}.Release|Any CPU.Build.0 = Release|Any CPU
		{51475218-7961-4582-9A52-75C561CB13CF}.Release|x64.ActiveCfg = Release|x64
		{51475218-7961-4582-9A52-75C561CB13CF}.Release|x64.Build.0 = Release|x64
		{F85C2304-1C13-4C7F-BE92-A272435DF84D}.Debug|Any CPU.ActiveCfg = Debug|Any CPU
		{F85C2304-1C13-4C7F-BE92-A272435DF84D}.Debug|Any CPU.Build.0 = Debug|Any CPU
		{F85C2304-1C13-4C7F-BE92-A272435DF84D}.Debug|x64.ActiveCfg = Debug|x64
		{F85C2304-1C13-4C7F-BE92-A272435DF84D}.Debug|x64.Build.0 = Debug|x64
		{F85C2304-1C13-4C7F-BE92-A272435DF84D}.Release|Any CPU.ActiveCfg = Release|Any CPU
		{F85C2304-1C13-4C7F-BE92-A272435DF84D}.Release|Any CPU.Build.0 = Release|Any CPU
		{F85C2304-1C13-4C7F-BE92-A272435DF84D}.Release|x64.ActiveCfg = Release|x64
		{F85C2304-1C13-4C7F-BE92-A272435DF84D}.Release|x64.Build.0 = Release|x64
		{D638B206-5BA3-46E2-B439-9BB682E91FCE}.Debug|Any CPU.ActiveCfg = Debug|Any CPU
		{D638B206-5BA3-46E2-B439-9BB682E91FCE}.Debug|Any CPU.Build.0 = Debug|Any CPU
		{D638B206-5BA3-46E2-B439-9BB682E91FCE}.Debug|x64.ActiveCfg = Debug|x64
		{D638B206-5BA3-46E2-B439-9BB682E91FCE}.Debug|x64.Build.0 = Debug|x64
		{D638B206-5BA3-46E2-B439-9BB682E91FCE}.Release|Any CPU.ActiveCfg = Release|Any CPU
		{D638B206-5BA3-46E2-B439-9BB682E91FCE}.Release|Any CPU.Build.0 = Release|Any CPU
		{D638B206-5BA3-46E2-B439-9BB682E91FCE}.Release|x64.ActiveCfg = Release|Any CPU
		{D638B206-5BA3-46E2-B439-9BB682E91FCE}.Release|x64.Build.0 = Release|Any CPU
	EndGlobalSection
	GlobalSection(SolutionProperties) = preSolution
		HideSolutionNode = FALSE
	EndGlobalSection
	GlobalSection(NestedProjects) = preSolution
		{34C89FC8-1C6A-4D51-8BC5-48FBA4DCAEE7} = {F114490A-50BE-431B-9E0D-E9C16C1D5EB3}
		{AB43EB8E-1C85-4CEE-87FC-BE56D644B30A} = {D1CEC877-3206-4D03-8629-29ED3BCB464D}
		{6614F553-E27A-4825-9B08-228C35FCD513} = {A9132A8D-2017-458A-9CAC-11ED0C357100}
		{44529C2A-23AC-413D-832D-03A29C1672DD} = {A9132A8D-2017-458A-9CAC-11ED0C357100}
		{66AD0016-BC49-4990-9F31-8AE1CEBF3806} = {D1CEC877-3206-4D03-8629-29ED3BCB464D}
		{51475218-7961-4582-9A52-75C561CB13CF} = {D2C23A5D-DA44-48D5-98C7-C4B35E546BA4}
		{F85C2304-1C13-4C7F-BE92-A272435DF84D} = {D1CEC877-3206-4D03-8629-29ED3BCB464D}
	EndGlobalSection
	GlobalSection(ExtensibilityGlobals) = postSolution
		SolutionGuid = {5926C1A4-2DF6-4F00-BFA0-9DC86F966980}
	EndGlobalSection
EndGlobal
