
Microsoft Visual Studio Solution File, Format Version 12.00
# Visual Studio Version 16
VisualStudioVersion = 16.0.29215.179
MinimumVisualStudioVersion = 10.0.40219.1
Project("{FAE04EC0-301F-11D3-BF4B-00C04F79EFBC}") = "BMTournamentXP", "BMTournamentXP\BMTournamentXP.csproj", "{B63EFDBB-9FAD-468E-B114-CBDE842723F4}"
EndProject
Project("{FAE04EC0-301F-11D3-BF4B-00C04F79EFBC}") = "BMTweakCollection", "BMTweakCollection\BMTweakCollection.csproj", "{34C89FC8-1C6A-4D51-8BC5-48FBA4DCAEE7}"
EndProject
Project("{FAE04EC0-301F-11D3-BF4B-00C04F79EFBC}") = "BMTournamentPrizes", "BMTournamentPrizes\BMTournamentPrizes.csproj", "{AB43EB8E-1C85-4CEE-87FC-BE56D644B30A}"
EndProject
Project("{FAE04EC0-301F-11D3-BF4B-00C04F79EFBC}") = "BMSaveFixer", "BMSaveFixer\BMSaveFixer.csproj", "{1B47843B-31B6-40B1-8D30-695B2409EFFA}"
EndProject
Project("{FAE04EC0-301F-11D3-BF4B-00C04F79EFBC}") = "NoSpearsInTournaments", "NoSpearsInTournaments\NoSpearsInTournaments.csproj", "{755F7FC0-BA0C-4FC2-AAD5-ECAE1944B5B6}"
EndProject
Global
	GlobalSection(SolutionConfigurationPlatforms) = preSolution
		Debug|Any CPU = Debug|Any CPU
		Debug|x64 = Debug|x64
		Release|Any CPU = Release|Any CPU
		Release|x64 = Release|x64
	EndGlobalSection
	GlobalSection(ProjectConfigurationPlatforms) = postSolution
		{B63EFDBB-9FAD-468E-B114-CBDE842723F4}.Debug|Any CPU.ActiveCfg = Debug|Any CPU
		{B63EFDBB-9FAD-468E-B114-CBDE842723F4}.Debug|Any CPU.Build.0 = Debug|Any CPU
		{B63EFDBB-9FAD-468E-B114-CBDE842723F4}.Debug|x64.ActiveCfg = Debug|x64
		{B63EFDBB-9FAD-468E-B114-CBDE842723F4}.Debug|x64.Build.0 = Debug|x64
		{B63EFDBB-9FAD-468E-B114-CBDE842723F4}.Release|Any CPU.ActiveCfg = Release|Any CPU
		{B63EFDBB-9FAD-468E-B114-CBDE842723F4}.Release|Any CPU.Build.0 = Release|Any CPU
		{B63EFDBB-9FAD-468E-B114-CBDE842723F4}.Release|x64.ActiveCfg = Release|x64
		{B63EFDBB-9FAD-468E-B114-CBDE842723F4}.Release|x64.Build.0 = Release|x64
		{34C89FC8-1C6A-4D51-8BC5-48FBA4DCAEE7}.Debug|Any CPU.ActiveCfg = Debug|Any CPU
		{34C89FC8-1C6A-4D51-8BC5-48FBA4DCAEE7}.Debug|Any CPU.Build.0 = Debug|Any CPU
		{34C89FC8-1C6A-4D51-8BC5-48FBA4DCAEE7}.Debug|x64.ActiveCfg = Debug|x64
		{34C89FC8-1C6A-4D51-8BC5-48FBA4DCAEE7}.Debug|x64.Build.0 = Debug|x64
		{34C89FC8-1C6A-4D51-8BC5-48FBA4DCAEE7}.Release|Any CPU.ActiveCfg = Release|Any CPU
		{34C89FC8-1C6A-4D51-8BC5-48FBA4DCAEE7}.Release|Any CPU.Build.0 = Release|Any CPU
		{34C89FC8-1C6A-4D51-8BC5-48FBA4DCAEE7}.Release|x64.ActiveCfg = Release|x64
		{34C89FC8-1C6A-4D51-8BC5-48FBA4DCAEE7}.Release|x64.Build.0 = Release|x64
		{AB43EB8E-1C85-4CEE-87FC-BE56D644B30A}.Debug|Any CPU.ActiveCfg = Debug|Any CPU
		{AB43EB8E-1C85-4CEE-87FC-BE56D644B30A}.Debug|Any CPU.Build.0 = Debug|Any CPU
		{AB43EB8E-1C85-4CEE-87FC-BE56D644B30A}.Debug|x64.ActiveCfg = Debug|x64
		{AB43EB8E-1C85-4CEE-87FC-BE56D644B30A}.Debug|x64.Build.0 = Debug|x64
		{AB43EB8E-1C85-4CEE-87FC-BE56D644B30A}.Release|Any CPU.ActiveCfg = Release|Any CPU
		{AB43EB8E-1C85-4CEE-87FC-BE56D644B30A}.Release|Any CPU.Build.0 = Release|Any CPU
		{AB43EB8E-1C85-4CEE-87FC-BE56D644B30A}.Release|x64.ActiveCfg = Release|x64
		{AB43EB8E-1C85-4CEE-87FC-BE56D644B30A}.Release|x64.Build.0 = Release|x64
		{1B47843B-31B6-40B1-8D30-695B2409EFFA}.Debug|Any CPU.ActiveCfg = Debug|Any CPU
		{1B47843B-31B6-40B1-8D30-695B2409EFFA}.Debug|Any CPU.Build.0 = Debug|Any CPU
		{1B47843B-31B6-40B1-8D30-695B2409EFFA}.Debug|x64.ActiveCfg = Debug|x64
		{1B47843B-31B6-40B1-8D30-695B2409EFFA}.Debug|x64.Build.0 = Debug|x64
		{1B47843B-31B6-40B1-8D30-695B2409EFFA}.Release|Any CPU.ActiveCfg = Release|Any CPU
		{1B47843B-31B6-40B1-8D30-695B2409EFFA}.Release|Any CPU.Build.0 = Release|Any CPU
		{1B47843B-31B6-40B1-8D30-695B2409EFFA}.Release|x64.ActiveCfg = Release|x64
		{1B47843B-31B6-40B1-8D30-695B2409EFFA}.Release|x64.Build.0 = Release|x64
		{755F7FC0-BA0C-4FC2-AAD5-ECAE1944B5B6}.Debug|Any CPU.ActiveCfg = Debug|Any CPU
		{755F7FC0-BA0C-4FC2-AAD5-ECAE1944B5B6}.Debug|Any CPU.Build.0 = Debug|Any CPU
		{755F7FC0-BA0C-4FC2-AAD5-ECAE1944B5B6}.Debug|x64.ActiveCfg = Debug|x64
		{755F7FC0-BA0C-4FC2-AAD5-ECAE1944B5B6}.Debug|x64.Build.0 = Debug|x64
		{755F7FC0-BA0C-4FC2-AAD5-ECAE1944B5B6}.Release|Any CPU.ActiveCfg = Release|Any CPU
		{755F7FC0-BA0C-4FC2-AAD5-ECAE1944B5B6}.Release|Any CPU.Build.0 = Release|Any CPU
		{755F7FC0-BA0C-4FC2-AAD5-ECAE1944B5B6}.Release|x64.ActiveCfg = Release|x64
		{755F7FC0-BA0C-4FC2-AAD5-ECAE1944B5B6}.Release|x64.Build.0 = Release|x64
	EndGlobalSection
	GlobalSection(SolutionProperties) = preSolution
		HideSolutionNode = FALSE
	EndGlobalSection
	GlobalSection(ExtensibilityGlobals) = postSolution
		SolutionGuid = {5926C1A4-2DF6-4F00-BFA0-9DC86F966980}
	EndGlobalSection
EndGlobal
